
Microsoft Visual Studio Solution File, Format Version 12.00
# Visual Studio Version 16
VisualStudioVersion = 16.0.29709.97
MinimumVisualStudioVersion = 10.0.40219.1
Project("{FAE04EC0-301F-11D3-BF4B-00C04F79EFBC}") = "ILWeaveLogger", "ILWeaveLogger\ILWeaveLogger.csproj", "{5B508C3B-9B6B-4494-8A3D-5D3A0A4AFCC9}"
EndProject
Project("{FAE04EC0-301F-11D3-BF4B-00C04F79EFBC}") = "ReferenceApp", "ReferenceApp\ReferenceApp.csproj", "{D39DBF89-83DD-4659-B1E3-C8F74D09C66E}"
EndProject
Global
	GlobalSection(SolutionConfigurationPlatforms) = preSolution
		Debug|Any CPU = Debug|Any CPU
		Release|Any CPU = Release|Any CPU
	EndGlobalSection
	GlobalSection(ProjectConfigurationPlatforms) = postSolution
		{5B508C3B-9B6B-4494-8A3D-5D3A0A4AFCC9}.Debug|Any CPU.ActiveCfg = Debug|Any CPU
		{5B508C3B-9B6B-4494-8A3D-5D3A0A4AFCC9}.Debug|Any CPU.Build.0 = Debug|Any CPU
		{5B508C3B-9B6B-4494-8A3D-5D3A0A4AFCC9}.Release|Any CPU.ActiveCfg = Release|Any CPU
		{5B508C3B-9B6B-4494-8A3D-5D3A0A4AFCC9}.Release|Any CPU.Build.0 = Release|Any CPU
		{D39DBF89-83DD-4659-B1E3-C8F74D09C66E}.Debug|Any CPU.ActiveCfg = Debug|Any CPU
		{D39DBF89-83DD-4659-B1E3-C8F74D09C66E}.Debug|Any CPU.Build.0 = Debug|Any CPU
		{D39DBF89-83DD-4659-B1E3-C8F74D09C66E}.Release|Any CPU.ActiveCfg = Release|Any CPU
		{D39DBF89-83DD-4659-B1E3-C8F74D09C66E}.Release|Any CPU.Build.0 = Release|Any CPU
	EndGlobalSection
	GlobalSection(SolutionProperties) = preSolution
		HideSolutionNode = FALSE
	EndGlobalSection
	GlobalSection(ExtensibilityGlobals) = postSolution
		SolutionGuid = {3EF0D7CA-8C97-41D2-A385-0FC539FE2F07}
	EndGlobalSection
EndGlobal
